# THIS IS AN AUTOGENERATED FILE. DO NOT EDIT THIS FILE DIRECTLY.
# yarn lockfile v1


eslint-config-google@^0.14.0:
  version "0.14.0"
  resolved "https://registry.yarnpkg.com/eslint-config-google/-/eslint-config-google-0.14.0.tgz#4f5f8759ba6e11b424294a219dbfa18c508bcc1a"
  integrity sha512-WsbX4WbjuMvTdeVL6+J3rK1RGhCTqjsFjX7UMSMgZiyxxaNLkoJENbrGExzERFeoTpGw3F3FypTiWAP9ZXzkEw==

eslint-plugin-simple-import-sort@^8.0.0:
  version "8.0.0"
  resolved "https://registry.yarnpkg.com/eslint-plugin-simple-import-sort/-/eslint-plugin-simple-import-sort-8.0.0.tgz#9d9a2372b0606e999ea841b10458a370a6ccc160"
  integrity sha512-bXgJQ+lqhtQBCuWY/FUWdB27j4+lqcvXv5rUARkzbeWLwea+S5eBZEQrhnO+WgX3ZoJHVj0cn943iyXwByHHQw==
